
Microsoft Visual Studio Solution File, Format Version 12.00
# Visual Studio Version 17
VisualStudioVersion = 17.3.32922.545
MinimumVisualStudioVersion = 10.0.40219.1
Project("{FAE04EC0-301F-11D3-BF4B-00C04F79EFBC}") = "Switch_Useof", "Switch_Useof\Switch_Useof.csproj", "{D35EDD34-C4D4-42FD-90BD-9FEE1FC121F2}"
EndProject
Global
	GlobalSection(SolutionConfigurationPlatforms) = preSolution
		Debug|Any CPU = Debug|Any CPU
		Release|Any CPU = Release|Any CPU
	EndGlobalSection
	GlobalSection(ProjectConfigurationPlatforms) = postSolution
		{D35EDD34-C4D4-42FD-90BD-9FEE1FC121F2}.Debug|Any CPU.ActiveCfg = Debug|Any CPU
		{D35EDD34-C4D4-42FD-90BD-9FEE1FC121F2}.Debug|Any CPU.Build.0 = Debug|Any CPU
		{D35EDD34-C4D4-42FD-90BD-9FEE1FC121F2}.Release|Any CPU.ActiveCfg = Release|Any CPU
		{D35EDD34-C4D4-42FD-90BD-9FEE1FC121F2}.Release|Any CPU.Build.0 = Release|Any CPU
	EndGlobalSection
	GlobalSection(SolutionProperties) = preSolution
		HideSolutionNode = FALSE
	EndGlobalSection
	GlobalSection(ExtensibilityGlobals) = postSolution
		SolutionGuid = {238AC76F-4249-4382-AA4C-6C53CCB4D36B}
	EndGlobalSection
EndGlobal
